// !$*UTF8*$!
{
	archiveVersion = 1;
	classes = {
	};
	objectVersion = 77;
	objects = {

/* Begin PBXBuildFile section */
		170239AFA9E698528CDEEA41 /* UIKit.framework in Frameworks */ = {isa = PBXBuildFile; fileRef = EADD9B981D81A9C9CF871989 /* UIKit.framework */; };
		22EA1CB33A17DCC6FC82406D /* Assets.xcassets in Resources */ = {isa = PBXBuildFile; fileRef = F543015C899423D4B01CEB2E /* Assets.xcassets */; };
		28E00EA1F8B7171E3401F3A2 /* Pods-iosApp-dummy.m in Sources */ = {isa = PBXBuildFile; fileRef = 2168FD65AA93663E10A50759 /* Pods-iosApp-dummy.m */; };
		307C2654CD5972A25FB7FD87 /* iOSApp.swift in Sources */ = {isa = PBXBuildFile; fileRef = 668CECA83ACC03A83C85A623 /* iOSApp.swift */; };
		38DEF15111DBD9FAC82BCDD0 /* iosApp.xcworkspace in Resources */ = {isa = PBXBuildFile; fileRef = 713D9A415954661BC5E0DBFD /* iosApp.xcworkspace */; };
		552D7A850A63E92B482F49A3 /* Manifest.lock in Resources */ = {isa = PBXBuildFile; fileRef = F1206BA53B6F12FA669FC283 /* Manifest.lock */; };
		56B0305B5D3847FC6B326502 /* ContentView.swift in Sources */ = {isa = PBXBuildFile; fileRef = CE8509E5A49E4A5CAAEB3ADB /* ContentView.swift */; };
		5ADAC7381145BCE241DC42A4 /* iosApp.xcodeproj in Resources */ = {isa = PBXBuildFile; fileRef = 8395CD5B070D5A2FB485F0DA /* iosApp.xcodeproj */; };
		6310503D11974EB3A0BE1420 /* Pods-iosApp-frameworks.sh in Resources */ = {isa = PBXBuildFile; fileRef = DEEB434FA7BE8A9ED6B1462A /* Pods-iosApp-frameworks.sh */; };
		79A358AC0680571F363BAA30 /* xcodegen.yml in Resources */ = {isa = PBXBuildFile; fileRef = F91C30C643A1DF9363D5EB00 /* xcodegen.yml */; };
		84D49F2169A00DBE2EBC7CF5 /* Preview Assets.xcassets in Resources */ = {isa = PBXBuildFile; fileRef = D79507B4FE35B12BCF209904 /* Preview Assets.xcassets */; };
		872BB6C1C1503A6FABE44039 /* Pods-iosApp-acknowledgements.plist in Resources */ = {isa = PBXBuildFile; fileRef = 2929F2398A3BF5DF384AC585 /* Pods-iosApp-acknowledgements.plist */; };
		8DED8893BCEDE51BF7164B06 /* Pods-iosApp-acknowledgements.markdown in Resources */ = {isa = PBXBuildFile; fileRef = 6384C73465A29C27580F97AC /* Pods-iosApp-acknowledgements.markdown */; };
		A627E81051F2FDAFEA8758C7 /* shared.podspec.json in Resources */ = {isa = PBXBuildFile; fileRef = 1980A953508DBC943D5F58C0 /* shared.podspec.json */; };
		A945A1DFB3706273CD399D46 /* Pods-iosApp-Info.plist in Resources */ = {isa = PBXBuildFile; fileRef = 56E8C6AF5A11DCB68017661E /* Pods-iosApp-Info.plist */; };
		C7616F8A0A58E899E42DEA2B /* Podfile.lock in Resources */ = {isa = PBXBuildFile; fileRef = 827058297CE4D0B04A77425F /* Podfile.lock */; };
		CF470CC7E4282F7815AB1044 /* Pods.xcodeproj in Resources */ = {isa = PBXBuildFile; fileRef = 64D5EBD01DEC191D673477D2 /* Pods.xcodeproj */; };
/* End PBXBuildFile section */

/* Begin PBXFileReference section */
		0B5AD36C0C2197B8B474BF7B /* shared.debug.xcconfig */ = {isa = PBXFileReference; lastKnownFileType = text.xcconfig; path = shared.debug.xcconfig; sourceTree = "<group>"; };
		1980A953508DBC943D5F58C0 /* shared.podspec.json */ = {isa = PBXFileReference; lastKnownFileType = text.json; path = shared.podspec.json; sourceTree = "<group>"; };
		2168FD65AA93663E10A50759 /* Pods-iosApp-dummy.m */ = {isa = PBXFileReference; lastKnownFileType = sourcecode.c.objc; path = "Pods-iosApp-dummy.m"; sourceTree = "<group>"; };
		2862206836A211A99451D4EC /* Podfile */ = {isa = PBXFileReference; path = Podfile; sourceTree = "<group>"; };
		2929F2398A3BF5DF384AC585 /* Pods-iosApp-acknowledgements.plist */ = {isa = PBXFileReference; lastKnownFileType = text.plist; path = "Pods-iosApp-acknowledgements.plist"; sourceTree = "<group>"; };
		2A77304CACD2CD87CFF1518D /* Pods-iosApp.release.xcconfig */ = {isa = PBXFileReference; lastKnownFileType = text.xcconfig; path = "Pods-iosApp.release.xcconfig"; sourceTree = "<group>"; };
		4BFF473F5E65467ADCD518C8 /* Pods-iosApp.debug.xcconfig */ = {isa = PBXFileReference; lastKnownFileType = text.xcconfig; path = "Pods-iosApp.debug.xcconfig"; sourceTree = "<group>"; };
		4D93E1C7B413FF95DF3B07DF /* Pods-iosApp.modulemap */ = {isa = PBXFileReference; lastKnownFileType = "sourcecode.module-map"; path = "Pods-iosApp.modulemap"; sourceTree = "<group>"; };
		54A8C2FFB144BB226D2A1494 /* Pods-iosApp-frameworks-Release-output-files.xcfilelist */ = {isa = PBXFileReference; lastKnownFileType = text.xcfilelist; path = "Pods-iosApp-frameworks-Release-output-files.xcfilelist"; sourceTree = "<group>"; };
		56E8C6AF5A11DCB68017661E /* Pods-iosApp-Info.plist */ = {isa = PBXFileReference; lastKnownFileType = text.plist; path = "Pods-iosApp-Info.plist"; sourceTree = "<group>"; };
		6384C73465A29C27580F97AC /* Pods-iosApp-acknowledgements.markdown */ = {isa = PBXFileReference; lastKnownFileType = net.daringfireball.markdown; path = "Pods-iosApp-acknowledgements.markdown"; sourceTree = "<group>"; };
		64D5EBD01DEC191D673477D2 /* Pods.xcodeproj */ = {isa = PBXFileReference; lastKnownFileType = "wrapper.pb-project"; path = Pods.xcodeproj; sourceTree = "<group>"; };
		668CECA83ACC03A83C85A623 /* iOSApp.swift */ = {isa = PBXFileReference; lastKnownFileType = sourcecode.swift; path = iOSApp.swift; sourceTree = "<group>"; };
		713D9A415954661BC5E0DBFD /* iosApp.xcworkspace */ = {isa = PBXFileReference; lastKnownFileType = wrapper.workspace; path = iosApp.xcworkspace; sourceTree = "<group>"; };
		827058297CE4D0B04A77425F /* Podfile.lock */ = {isa = PBXFileReference; path = Podfile.lock; sourceTree = "<group>"; };
		8395CD5B070D5A2FB485F0DA /* iosApp.xcodeproj */ = {isa = PBXFileReference; lastKnownFileType = "wrapper.pb-project"; path = iosApp.xcodeproj; sourceTree = "<group>"; };
		86038AE1032E284E79B32AD6 /* iosApp.app */ = {isa = PBXFileReference; includeInIndex = 0; lastKnownFileType = wrapper.application; path = iosApp.app; sourceTree = BUILT_PRODUCTS_DIR; };
		98C1123A5466279AB6B544BA /* Pods-iosApp-frameworks-Debug-input-files.xcfilelist */ = {isa = PBXFileReference; lastKnownFileType = text.xcfilelist; path = "Pods-iosApp-frameworks-Debug-input-files.xcfilelist"; sourceTree = "<group>"; };
		B864BB9666FC64EEE18462F7 /* Pods-iosApp-frameworks-Debug-output-files.xcfilelist */ = {isa = PBXFileReference; lastKnownFileType = text.xcfilelist; path = "Pods-iosApp-frameworks-Debug-output-files.xcfilelist"; sourceTree = "<group>"; };
		C117AD187833E2513BD2F553 /* Info.plist */ = {isa = PBXFileReference; lastKnownFileType = text.plist; path = Info.plist; sourceTree = "<group>"; };
		CE8509E5A49E4A5CAAEB3ADB /* ContentView.swift */ = {isa = PBXFileReference; lastKnownFileType = sourcecode.swift; path = ContentView.swift; sourceTree = "<group>"; };
		D73851D7F4B35ECA544BCE32 /* Pods-iosApp-frameworks-Release-input-files.xcfilelist */ = {isa = PBXFileReference; lastKnownFileType = text.xcfilelist; path = "Pods-iosApp-frameworks-Release-input-files.xcfilelist"; sourceTree = "<group>"; };
		D79507B4FE35B12BCF209904 /* Preview Assets.xcassets */ = {isa = PBXFileReference; lastKnownFileType = folder.assetcatalog; path = "Preview Assets.xcassets"; sourceTree = "<group>"; };
		DEEB434FA7BE8A9ED6B1462A /* Pods-iosApp-frameworks.sh */ = {isa = PBXFileReference; lastKnownFileType = text.script.sh; path = "Pods-iosApp-frameworks.sh"; sourceTree = "<group>"; };
		E60353DF8AB8B3A6D57258C5 /* Pods-iosApp-umbrella.h */ = {isa = PBXFileReference; lastKnownFileType = sourcecode.c.h; path = "Pods-iosApp-umbrella.h"; sourceTree = "<group>"; };
		EADD9B981D81A9C9CF871989 /* UIKit.framework */ = {isa = PBXFileReference; lastKnownFileType = wrapper.framework; name = UIKit.framework; path = System/Library/Frameworks/UIKit.framework; sourceTree = SDKROOT; };
		F1206BA53B6F12FA669FC283 /* Manifest.lock */ = {isa = PBXFileReference; path = Manifest.lock; sourceTree = "<group>"; };
		F445FBA053B2615DBA6DB390 /* shared.release.xcconfig */ = {isa = PBXFileReference; lastKnownFileType = text.xcconfig; path = shared.release.xcconfig; sourceTree = "<group>"; };
		F543015C899423D4B01CEB2E /* Assets.xcassets */ = {isa = PBXFileReference; lastKnownFileType = folder.assetcatalog; path = Assets.xcassets; sourceTree = "<group>"; };
		F91C30C643A1DF9363D5EB00 /* xcodegen.yml */ = {isa = PBXFileReference; lastKnownFileType = text.yaml; path = xcodegen.yml; sourceTree = "<group>"; };
/* End PBXFileReference section */

/* Begin PBXFrameworksBuildPhase section */
		EF8A6E9BFD470986D9D5C9B5 /* Frameworks */ = {
			isa = PBXFrameworksBuildPhase;
			buildActionMask = 2147483647;
			files = (
				170239AFA9E698528CDEEA41 /* UIKit.framework in Frameworks */,
			);
			runOnlyForDeploymentPostprocessing = 0;
		};
/* End PBXFrameworksBuildPhase section */

/* Begin PBXGroup section */
		0BEA95BB8E397F14A41CD4CD /* shared */ = {
			isa = PBXGroup;
			children = (
				0B5AD36C0C2197B8B474BF7B /* shared.debug.xcconfig */,
				F445FBA053B2615DBA6DB390 /* shared.release.xcconfig */,
			);
			path = shared;
			sourceTree = "<group>";
		};
		1DB4B685CAEE8BEFEBBAEF94 /* iosApp */ = {
			isa = PBXGroup;
			children = (
				F543015C899423D4B01CEB2E /* Assets.xcassets */,
				CE8509E5A49E4A5CAAEB3ADB /* ContentView.swift */,
				C117AD187833E2513BD2F553 /* Info.plist */,
				668CECA83ACC03A83C85A623 /* iOSApp.swift */,
				FECAC4265DC8BE5061013D4A /* Preview Content */,
			);
			path = iosApp;
			sourceTree = "<group>";
		};
		3666012298E772D226418813 /* Frameworks */ = {
			isa = PBXGroup;
			children = (
				EADD9B981D81A9C9CF871989 /* UIKit.framework */,
			);
			name = Frameworks;
			sourceTree = "<group>";
		};
		38B69C3F79CD97858CF7B609 = {
			isa = PBXGroup;
			children = (
				1DB4B685CAEE8BEFEBBAEF94 /* iosApp */,
				CF8B5820D148C621402A3EA6 /* iosApp */,
				48736A26CA7C7EB899665606 /* Pods */,
				3666012298E772D226418813 /* Frameworks */,
				94C98B8B3A2BFC1966447269 /* Products */,
			);
			sourceTree = "<group>";
		};
		4547B12D0F6ADEF0C3F8FAB6 /* Pods-iosApp */ = {
			isa = PBXGroup;
			children = (
				6384C73465A29C27580F97AC /* Pods-iosApp-acknowledgements.markdown */,
				2929F2398A3BF5DF384AC585 /* Pods-iosApp-acknowledgements.plist */,
				2168FD65AA93663E10A50759 /* Pods-iosApp-dummy.m */,
				98C1123A5466279AB6B544BA /* Pods-iosApp-frameworks-Debug-input-files.xcfilelist */,
				B864BB9666FC64EEE18462F7 /* Pods-iosApp-frameworks-Debug-output-files.xcfilelist */,
				D73851D7F4B35ECA544BCE32 /* Pods-iosApp-frameworks-Release-input-files.xcfilelist */,
				54A8C2FFB144BB226D2A1494 /* Pods-iosApp-frameworks-Release-output-files.xcfilelist */,
				DEEB434FA7BE8A9ED6B1462A /* Pods-iosApp-frameworks.sh */,
				56E8C6AF5A11DCB68017661E /* Pods-iosApp-Info.plist */,
				E60353DF8AB8B3A6D57258C5 /* Pods-iosApp-umbrella.h */,
				4BFF473F5E65467ADCD518C8 /* Pods-iosApp.debug.xcconfig */,
				4D93E1C7B413FF95DF3B07DF /* Pods-iosApp.modulemap */,
				2A77304CACD2CD87CFF1518D /* Pods-iosApp.release.xcconfig */,
			);
			path = "Pods-iosApp";
			sourceTree = "<group>";
		};
		48736A26CA7C7EB899665606 /* Pods */ = {
			isa = PBXGroup;
			children = (
				F1206BA53B6F12FA669FC283 /* Manifest.lock */,
				64D5EBD01DEC191D673477D2 /* Pods.xcodeproj */,
				F2610D5CE5099892436D3E32 /* Local Podspecs */,
				70366D4F074A400E9F7A9EF3 /* Target Support Files */,
			);
			path = Pods;
			sourceTree = "<group>";
		};
		70366D4F074A400E9F7A9EF3 /* Target Support Files */ = {
			isa = PBXGroup;
			children = (
				4547B12D0F6ADEF0C3F8FAB6 /* Pods-iosApp */,
				0BEA95BB8E397F14A41CD4CD /* shared */,
			);
			path = "Target Support Files";
			sourceTree = "<group>";
		};
		94C98B8B3A2BFC1966447269 /* Products */ = {
			isa = PBXGroup;
			children = (
				86038AE1032E284E79B32AD6 /* iosApp.app */,
			);
			name = Products;
			sourceTree = "<group>";
		};
		CF8B5820D148C621402A3EA6 /* iosApp */ = {
			isa = PBXGroup;
			children = (
				8395CD5B070D5A2FB485F0DA /* iosApp.xcodeproj */,
				713D9A415954661BC5E0DBFD /* iosApp.xcworkspace */,
				2862206836A211A99451D4EC /* Podfile */,
				827058297CE4D0B04A77425F /* Podfile.lock */,
				F91C30C643A1DF9363D5EB00 /* xcodegen.yml */,
				1DB4B685CAEE8BEFEBBAEF94 /* iosApp */,
				48736A26CA7C7EB899665606 /* Pods */,
			);
			name = iosApp;
			path = .;
			sourceTree = "<group>";
		};
		F2610D5CE5099892436D3E32 /* Local Podspecs */ = {
			isa = PBXGroup;
			children = (
				1980A953508DBC943D5F58C0 /* shared.podspec.json */,
			);
			path = "Local Podspecs";
			sourceTree = "<group>";
		};
		FECAC4265DC8BE5061013D4A /* Preview Content */ = {
			isa = PBXGroup;
			children = (
				D79507B4FE35B12BCF209904 /* Preview Assets.xcassets */,
			);
			path = "Preview Content";
			sourceTree = "<group>";
		};
/* End PBXGroup section */

/* Begin PBXNativeTarget section */
		78B53CC79860CBFC2F5543C6 /* iosApp */ = {
			isa = PBXNativeTarget;
			buildConfigurationList = 29DCA9F0B3A40325067EB163 /* Build configuration list for PBXNativeTarget "iosApp" */;
			buildPhases = (
				297B59D9CE634556D6007C40 /* Sources */,
				1623B02D10928C8101C1F806 /* Resources */,
				EF8A6E9BFD470986D9D5C9B5 /* Frameworks */,
			);
			buildRules = (
			);
			dependencies = (
			);
			name = iosApp;
			packageProductDependencies = (
			);
			productName = iosApp;
			productReference = 86038AE1032E284E79B32AD6 /* iosApp.app */;
			productType = "com.apple.product-type.application";
		};
/* End PBXNativeTarget section */

/* Begin PBXProject section */
		242FB5348943441C388468CE /* Project object */ = {
			isa = PBXProject;
			attributes = {
				BuildIndependentTargetsInParallel = YES;
				LastUpgradeCheck = 1430;
			};
			buildConfigurationList = FF7CA1CA754D017066F1822F /* Build configuration list for PBXProject "iosApp" */;
			compatibilityVersion = "Xcode 14.0";
			developmentRegion = en;
			hasScannedForEncodings = 0;
			knownRegions = (
				Base,
				en,
			);
			mainGroup = 38B69C3F79CD97858CF7B609;
			minimizedProjectReferenceProxies = 1;
			preferredProjectObjectVersion = 77;
			projectDirPath = "";
			projectRoot = "";
			targets = (
				78B53CC79860CBFC2F5543C6 /* iosApp */,
			);
		};
/* End PBXProject section */

/* Begin PBXResourcesBuildPhase section */
		1623B02D10928C8101C1F806 /* Resources */ = {
			isa = PBXResourcesBuildPhase;
			buildActionMask = 2147483647;
			files = (
				22EA1CB33A17DCC6FC82406D /* Assets.xcassets in Resources */,
				552D7A850A63E92B482F49A3 /* Manifest.lock in Resources */,
				C7616F8A0A58E899E42DEA2B /* Podfile.lock in Resources */,
				A945A1DFB3706273CD399D46 /* Pods-iosApp-Info.plist in Resources */,
				8DED8893BCEDE51BF7164B06 /* Pods-iosApp-acknowledgements.markdown in Resources */,
				872BB6C1C1503A6FABE44039 /* Pods-iosApp-acknowledgements.plist in Resources */,
				6310503D11974EB3A0BE1420 /* Pods-iosApp-frameworks.sh in Resources */,
				CF470CC7E4282F7815AB1044 /* Pods.xcodeproj in Resources */,
				84D49F2169A00DBE2EBC7CF5 /* Preview Assets.xcassets in Resources */,
				5ADAC7381145BCE241DC42A4 /* iosApp.xcodeproj in Resources */,
				38DEF15111DBD9FAC82BCDD0 /* iosApp.xcworkspace in Resources */,
				A627E81051F2FDAFEA8758C7 /* shared.podspec.json in Resources */,
				79A358AC0680571F363BAA30 /* xcodegen.yml in Resources */,
			);
			runOnlyForDeploymentPostprocessing = 0;
		};
/* End PBXResourcesBuildPhase section */

/* Begin PBXSourcesBuildPhase section */
		297B59D9CE634556D6007C40 /* Sources */ = {
			isa = PBXSourcesBuildPhase;
			buildActionMask = 2147483647;
			files = (
				56B0305B5D3847FC6B326502 /* ContentView.swift in Sources */,
				28E00EA1F8B7171E3401F3A2 /* Pods-iosApp-dummy.m in Sources */,
				307C2654CD5972A25FB7FD87 /* iOSApp.swift in Sources */,
			);
			runOnlyForDeploymentPostprocessing = 0;
		};
/* End PBXSourcesBuildPhase section */

/* Begin XCBuildConfiguration section */
		11814011E7D6EC822BFBC66D /* Release */ = {
			isa = XCBuildConfiguration;
			buildSettings = {
				ALWAYS_SEARCH_USER_PATHS = NO;
				CLANG_ANALYZER_NONNULL = YES;
				CLANG_ANALYZER_NUMBER_OBJECT_CONVERSION = YES_AGGRESSIVE;
				CLANG_CXX_LANGUAGE_STANDARD = "gnu++14";
				CLANG_CXX_LIBRARY = "libc++";
				CLANG_ENABLE_MODULES = YES;
				CLANG_ENABLE_OBJC_ARC = YES;
				CLANG_ENABLE_OBJC_WEAK = YES;
				CLANG_WARN_BLOCK_CAPTURE_AUTORELEASING = YES;
				CLANG_WARN_BOOL_CONVERSION = YES;
				CLANG_WARN_COMMA = YES;
				CLANG_WARN_CONSTANT_CONVERSION = YES;
				CLANG_WARN_DEPRECATED_OBJC_IMPLEMENTATIONS = YES;
				CLANG_WARN_DIRECT_OBJC_ISA_USAGE = YES_ERROR;
				CLANG_WARN_DOCUMENTATION_COMMENTS = YES;
				CLANG_WARN_EMPTY_BODY = YES;
				CLANG_WARN_ENUM_CONVERSION = YES;
				CLANG_WARN_INFINITE_RECURSION = YES;
				CLANG_WARN_INT_CONVERSION = YES;
				CLANG_WARN_NON_LITERAL_NULL_CONVERSION = YES;
				CLANG_WARN_OBJC_IMPLICIT_RETAIN_SELF = YES;
				CLANG_WARN_OBJC_LITERAL_CONVERSION = YES;
				CLANG_WARN_OBJC_ROOT_CLASS = YES_ERROR;
				CLANG_WARN_QUOTED_INCLUDE_IN_FRAMEWORK_HEADER = YES;
				CLANG_WARN_RANGE_LOOP_ANALYSIS = YES;
				CLANG_WARN_STRICT_PROTOTYPES = YES;
				CLANG_WARN_SUSPICIOUS_MOVE = YES;
				CLANG_WARN_UNGUARDED_AVAILABILITY = YES_AGGRESSIVE;
				CLANG_WARN_UNREACHABLE_CODE = YES;
				CLANG_WARN__DUPLICATE_METHOD_MATCH = YES;
				COPY_PHASE_STRIP = NO;
				DEBUG_INFORMATION_FORMAT = "dwarf-with-dsym";
				ENABLE_NS_ASSERTIONS = NO;
				ENABLE_STRICT_OBJC_MSGSEND = YES;
				GCC_C_LANGUAGE_STANDARD = gnu11;
				GCC_NO_COMMON_BLOCKS = YES;
				GCC_WARN_64_TO_32_BIT_CONVERSION = YES;
				GCC_WARN_ABOUT_RETURN_TYPE = YES_ERROR;
				GCC_WARN_UNDECLARED_SELECTOR = YES;
				GCC_WARN_UNINITIALIZED_AUTOS = YES_AGGRESSIVE;
				GCC_WARN_UNUSED_FUNCTION = YES;
				GCC_WARN_UNUSED_VARIABLE = YES;
				MTL_ENABLE_DEBUG_INFO = NO;
				MTL_FAST_MATH = YES;
				PRODUCT_NAME = "$(TARGET_NAME)";
				SDKROOT = iphoneos;
				SWIFT_COMPILATION_MODE = wholemodule;
				SWIFT_OPTIMIZATION_LEVEL = "-O";
				SWIFT_VERSION = 5.0;
			};
			name = Release;
		};
		6C824A6EB4BAD43AE2A4BB29 /* Debug */ = {
			isa = XCBuildConfiguration;
			buildSettings = {
				ALWAYS_SEARCH_USER_PATHS = NO;
				CLANG_ANALYZER_NONNULL = YES;
				CLANG_ANALYZER_NUMBER_OBJECT_CONVERSION = YES_AGGRESSIVE;
				CLANG_CXX_LANGUAGE_STANDARD = "gnu++14";
				CLANG_CXX_LIBRARY = "libc++";
				CLANG_ENABLE_MODULES = YES;
				CLANG_ENABLE_OBJC_ARC = YES;
				CLANG_ENABLE_OBJC_WEAK = YES;
				CLANG_WARN_BLOCK_CAPTURE_AUTORELEASING = YES;
				CLANG_WARN_BOOL_CONVERSION = YES;
				CLANG_WARN_COMMA = YES;
				CLANG_WARN_CONSTANT_CONVERSION = YES;
				CLANG_WARN_DEPRECATED_OBJC_IMPLEMENTATIONS = YES;
				CLANG_WARN_DIRECT_OBJC_ISA_USAGE = YES_ERROR;
				CLANG_WARN_DOCUMENTATION_COMMENTS = YES;
				CLANG_WARN_EMPTY_BODY = YES;
				CLANG_WARN_ENUM_CONVERSION = YES;
				CLANG_WARN_INFINITE_RECURSION = YES;
				CLANG_WARN_INT_CONVERSION = YES;
				CLANG_WARN_NON_LITERAL_NULL_CONVERSION = YES;
				CLANG_WARN_OBJC_IMPLICIT_RETAIN_SELF = YES;
				CLANG_WARN_OBJC_LITERAL_CONVERSION = YES;
				CLANG_WARN_OBJC_ROOT_CLASS = YES_ERROR;
				CLANG_WARN_QUOTED_INCLUDE_IN_FRAMEWORK_HEADER = YES;
				CLANG_WARN_RANGE_LOOP_ANALYSIS = YES;
				CLANG_WARN_STRICT_PROTOTYPES = YES;
				CLANG_WARN_SUSPICIOUS_MOVE = YES;
				CLANG_WARN_UNGUARDED_AVAILABILITY = YES_AGGRESSIVE;
				CLANG_WARN_UNREACHABLE_CODE = YES;
				CLANG_WARN__DUPLICATE_METHOD_MATCH = YES;
				COPY_PHASE_STRIP = NO;
				DEBUG_INFORMATION_FORMAT = dwarf;
				ENABLE_STRICT_OBJC_MSGSEND = YES;
				ENABLE_TESTABILITY = YES;
				GCC_C_LANGUAGE_STANDARD = gnu11;
				GCC_DYNAMIC_NO_PIC = NO;
				GCC_NO_COMMON_BLOCKS = YES;
				GCC_OPTIMIZATION_LEVEL = 0;
				GCC_PREPROCESSOR_DEFINITIONS = (
					"$(inherited)",
					"DEBUG=1",
				);
				GCC_WARN_64_TO_32_BIT_CONVERSION = YES;
				GCC_WARN_ABOUT_RETURN_TYPE = YES_ERROR;
				GCC_WARN_UNDECLARED_SELECTOR = YES;
				GCC_WARN_UNINITIALIZED_AUTOS = YES_AGGRESSIVE;
				GCC_WARN_UNUSED_FUNCTION = YES;
				GCC_WARN_UNUSED_VARIABLE = YES;
				MTL_ENABLE_DEBUG_INFO = INCLUDE_SOURCE;
				MTL_FAST_MATH = YES;
				ONLY_ACTIVE_ARCH = YES;
				PRODUCT_NAME = "$(TARGET_NAME)";
				SDKROOT = iphoneos;
				SWIFT_ACTIVE_COMPILATION_CONDITIONS = DEBUG;
				SWIFT_OPTIMIZATION_LEVEL = "-Onone";
				SWIFT_VERSION = 5.0;
			};
			name = Debug;
		};
		9221A1FDC06803E8A2FC6E61 /* Debug */ = {
			isa = XCBuildConfiguration;
			buildSettings = {
				ASSETCATALOG_COMPILER_APPICON_NAME = AppIcon;
				CODE_SIGN_IDENTITY = "iPhone Developer";
				INFOPLIST_FILE = iosApp/Info.plist;
				LD_RUNPATH_SEARCH_PATHS = (
					"$(inherited)",
					"@executable_path/Frameworks",
				);
				SDKROOT = iphoneos;
				TARGETED_DEVICE_FAMILY = "1,2";
			};
			name = Debug;
		};
		AF835BFF1220CA5AB5B867E4 /* Release */ = {
			isa = XCBuildConfiguration;
			buildSettings = {
				ASSETCATALOG_COMPILER_APPICON_NAME = AppIcon;
				CODE_SIGN_IDENTITY = "iPhone Developer";
				INFOPLIST_FILE = iosApp/Info.plist;
				LD_RUNPATH_SEARCH_PATHS = (
					"$(inherited)",
					"@executable_path/Frameworks",
				);
				SDKROOT = iphoneos;
				TARGETED_DEVICE_FAMILY = "1,2";
			};
			name = Release;
		};
/* End XCBuildConfiguration section */

/* Begin XCConfigurationList section */
		29DCA9F0B3A40325067EB163 /* Build configuration list for PBXNativeTarget "iosApp" */ = {
			isa = XCConfigurationList;
			buildConfigurations = (
				9221A1FDC06803E8A2FC6E61 /* Debug */,
				AF835BFF1220CA5AB5B867E4 /* Release */,
			);
			defaultConfigurationIsVisible = 0;
			defaultConfigurationName = Debug;
		};
		FF7CA1CA754D017066F1822F /* Build configuration list for PBXProject "iosApp" */ = {
			isa = XCConfigurationList;
			buildConfigurations = (
				6C824A6EB4BAD43AE2A4BB29 /* Debug */,
				11814011E7D6EC822BFBC66D /* Release */,
			);
			defaultConfigurationIsVisible = 0;
			defaultConfigurationName = Debug;
		};
/* End XCConfigurationList section */
	};
	rootObject = 242FB5348943441C388468CE /* Project object */;
}
